
Microsoft Visual Studio Solution File, Format Version 12.00
# Visual Studio Version 17
VisualStudioVersion = 17.14.36414.22 d17.14
MinimumVisualStudioVersion = 10.0.40219.1
Project("{54A90642-561A-4BB1-A94E-469ADEE60C69}") = "voyadosearchengine.client", "voyadosearchengine.client\voyadosearchengine.client.esproj", "{B83E1916-4C38-EF7F-2B28-93C3A7FC4FA8}"
EndProject
Project("{FAE04EC0-301F-11D3-BF4B-00C04F79EFBC}") = "VoyadoSearchEngine.Server", "VoyadoSearchEngine.Server\VoyadoSearchEngine.Server.csproj", "{164D92B0-42D1-43F5-AEA9-87EEDAFECD1C}"
EndProject
Global
	GlobalSection(SolutionConfigurationPlatforms) = preSolution
		Debug|Any CPU = Debug|Any CPU
		Release|Any CPU = Release|Any CPU
	EndGlobalSection
	GlobalSection(ProjectConfigurationPlatforms) = postSolution
		{B83E1916-4C38-EF7F-2B28-93C3A7FC4FA8}.Debug|Any CPU.ActiveCfg = Debug|Any CPU
		{B83E1916-4C38-EF7F-2B28-93C3A7FC4FA8}.Debug|Any CPU.Build.0 = Debug|Any CPU
		{B83E1916-4C38-EF7F-2B28-93C3A7FC4FA8}.Debug|Any CPU.Deploy.0 = Debug|Any CPU
		{B83E1916-4C38-EF7F-2B28-93C3A7FC4FA8}.Release|Any CPU.ActiveCfg = Release|Any CPU
		{B83E1916-4C38-EF7F-2B28-93C3A7FC4FA8}.Release|Any CPU.Build.0 = Release|Any CPU
		{B83E1916-4C38-EF7F-2B28-93C3A7FC4FA8}.Release|Any CPU.Deploy.0 = Release|Any CPU
		{164D92B0-42D1-43F5-AEA9-87EEDAFECD1C}.Debug|Any CPU.ActiveCfg = Debug|Any CPU
		{164D92B0-42D1-43F5-AEA9-87EEDAFECD1C}.Debug|Any CPU.Build.0 = Debug|Any CPU
		{164D92B0-42D1-43F5-AEA9-87EEDAFECD1C}.Release|Any CPU.ActiveCfg = Release|Any CPU
		{164D92B0-42D1-43F5-AEA9-87EEDAFECD1C}.Release|Any CPU.Build.0 = Release|Any CPU
	EndGlobalSection
	GlobalSection(SolutionProperties) = preSolution
		HideSolutionNode = FALSE
	EndGlobalSection
	GlobalSection(ExtensibilityGlobals) = postSolution
		SolutionGuid = {D6DF2A38-BBFE-4AE3-81D0-CCA94703C945}
	EndGlobalSection
EndGlobal
